
Microsoft Visual Studio Solution File, Format Version 12.00
# Visual Studio Version 16
VisualStudioVersion = 16.0.30128.74
MinimumVisualStudioVersion = 15.0.26124.0
Project("{2150E333-8FDC-42A3-9474-1A3956D46DE8}") = "src", "src", "{845F46C4-8E10-4248-BF4E-6EFB137C6596}"
EndProject
Project("{2150E333-8FDC-42A3-9474-1A3956D46DE8}") = "test", "test", "{7C657072-0457-472F-9D80-C78C9E2DBA6A}"
EndProject
Project("{9A19103F-16F7-4668-BE54-9A1E7A4F7556}") = "LogglyAPI", "LogglyAPI\LogglyAPI.csproj", "{5F4E3328-FCCA-4810-9451-9489CF328A84}"
EndProject
Project("{9A19103F-16F7-4668-BE54-9A1E7A4F7556}") = "LogglyAPI.Tests", "LogglyAPI.Tests\LogglyAPI.Tests.csproj", "{ED23D510-1D96-4897-BBD6-7ED0F5FD39CD}"
EndProject
Global
	GlobalSection(SolutionConfigurationPlatforms) = preSolution
		Debug|Any CPU = Debug|Any CPU
		Release|Any CPU = Release|Any CPU
	EndGlobalSection
	GlobalSection(ProjectConfigurationPlatforms) = postSolution
		{5F4E3328-FCCA-4810-9451-9489CF328A84}.Debug|Any CPU.ActiveCfg = Debug|Any CPU
		{5F4E3328-FCCA-4810-9451-9489CF328A84}.Debug|Any CPU.Build.0 = Debug|Any CPU
		{5F4E3328-FCCA-4810-9451-9489CF328A84}.Release|Any CPU.ActiveCfg = Release|Any CPU
		{5F4E3328-FCCA-4810-9451-9489CF328A84}.Release|Any CPU.Build.0 = Release|Any CPU
		{ED23D510-1D96-4897-BBD6-7ED0F5FD39CD}.Debug|Any CPU.ActiveCfg = Debug|Any CPU
		{ED23D510-1D96-4897-BBD6-7ED0F5FD39CD}.Debug|Any CPU.Build.0 = Debug|Any CPU
		{ED23D510-1D96-4897-BBD6-7ED0F5FD39CD}.Release|Any CPU.ActiveCfg = Release|Any CPU
		{ED23D510-1D96-4897-BBD6-7ED0F5FD39CD}.Release|Any CPU.Build.0 = Release|Any CPU
	EndGlobalSection
	GlobalSection(SolutionProperties) = preSolution
		HideSolutionNode = FALSE
	EndGlobalSection
	GlobalSection(NestedProjects) = preSolution
		{5F4E3328-FCCA-4810-9451-9489CF328A84} = {845F46C4-8E10-4248-BF4E-6EFB137C6596}
		{ED23D510-1D96-4897-BBD6-7ED0F5FD39CD} = {7C657072-0457-472F-9D80-C78C9E2DBA6A}
	EndGlobalSection
	GlobalSection(ExtensibilityGlobals) = postSolution
		SolutionGuid = {5C0ADDE5-4F4B-4FC5-A179-A386D3FD03C6}
	EndGlobalSection
EndGlobal
